
Microsoft Visual Studio Solution File, Format Version 12.00
Project("{FAE04EC0-301F-11D3-BF4B-00C04F79EFBC}") = "FieldMerge", "FieldMerge\FieldMerge.csproj", "{39E2F6EA-DEFE-4538-8BE8-42AAD9FBF1BA}"
EndProject
Project("{FAE04EC0-301F-11D3-BF4B-00C04F79EFBC}") = "FieldMerge.API", "FieldMerge.API\FieldMerge.API\FieldMerge.API\FieldMerge.API.csproj", "{395DC3A0-AEC0-4ADB-AC06-5E024333125B}"
EndProject
Project("{FAE04EC0-301F-11D3-BF4B-00C04F79EFBC}") = "FieldMerge.Data", "FieldMerge.Data\FieldMerge.Data.csproj", "{C28B49FF-BBD8-4440-86CF-2D6585E2B49E}"
EndProject
Global
	GlobalSection(SolutionConfigurationPlatforms) = preSolution
		Debug|Any CPU = Debug|Any CPU
		Release|Any CPU = Release|Any CPU
	EndGlobalSection
	GlobalSection(ProjectConfigurationPlatforms) = postSolution
		{39E2F6EA-DEFE-4538-8BE8-42AAD9FBF1BA}.Debug|Any CPU.ActiveCfg = Debug|Any CPU
		{39E2F6EA-DEFE-4538-8BE8-42AAD9FBF1BA}.Debug|Any CPU.Build.0 = Debug|Any CPU
		{39E2F6EA-DEFE-4538-8BE8-42AAD9FBF1BA}.Release|Any CPU.ActiveCfg = Release|Any CPU
		{39E2F6EA-DEFE-4538-8BE8-42AAD9FBF1BA}.Release|Any CPU.Build.0 = Release|Any CPU
		{395DC3A0-AEC0-4ADB-AC06-5E024333125B}.Debug|Any CPU.ActiveCfg = Debug|Any CPU
		{395DC3A0-AEC0-4ADB-AC06-5E024333125B}.Debug|Any CPU.Build.0 = Debug|Any CPU
		{395DC3A0-AEC0-4ADB-AC06-5E024333125B}.Release|Any CPU.ActiveCfg = Release|Any CPU
		{395DC3A0-AEC0-4ADB-AC06-5E024333125B}.Release|Any CPU.Build.0 = Release|Any CPU
		{C28B49FF-BBD8-4440-86CF-2D6585E2B49E}.Debug|Any CPU.ActiveCfg = Debug|Any CPU
		{C28B49FF-BBD8-4440-86CF-2D6585E2B49E}.Debug|Any CPU.Build.0 = Debug|Any CPU
		{C28B49FF-BBD8-4440-86CF-2D6585E2B49E}.Release|Any CPU.ActiveCfg = Release|Any CPU
		{C28B49FF-BBD8-4440-86CF-2D6585E2B49E}.Release|Any CPU.Build.0 = Release|Any CPU
	EndGlobalSection
EndGlobal
